// !$*UTF8*$!
{
	archiveVersion = 1;
	classes = {
	};
	objectVersion = 45;
	objects = {

/* Begin PBXBuildFile section */
		1D3623260D0F684500981E51 /* DudelAppDelegate.m in Sources */ = {isa = PBXBuildFile; fileRef = 1D3623250D0F684500981E51 /* DudelAppDelegate.m */; };
		1D60589B0D05DD56006BFB54 /* main.m in Sources */ = {isa = PBXBuildFile; fileRef = 29B97316FDCFA39411CA2CEA /* main.m */; };
		1D60589F0D05DD5A006BFB54 /* Foundation.framework in Frameworks */ = {isa = PBXBuildFile; fileRef = 1D30AB110D05D00D00671497 /* Foundation.framework */; };
		1DF5F4E00D08C38300B7A737 /* UIKit.framework in Frameworks */ = {isa = PBXBuildFile; fileRef = 1DF5F4DF0D08C38300B7A737 /* UIKit.framework */; };
		288765A50DF7441C002DB57D /* CoreGraphics.framework in Frameworks */ = {isa = PBXBuildFile; fileRef = 288765A40DF7441C002DB57D /* CoreGraphics.framework */; };
		2899E5220DE3E06400AC0155 /* DudelViewController.xib in Resources */ = {isa = PBXBuildFile; fileRef = 2899E5210DE3E06400AC0155 /* DudelViewController.xib */; };
		28AD733F0D9D9553002E5188 /* MainWindow.xib in Resources */ = {isa = PBXBuildFile; fileRef = 28AD733E0D9D9553002E5188 /* MainWindow.xib */; };
		28D7ACF80DDB3853001CB0EB /* DudelViewController.m in Sources */ = {isa = PBXBuildFile; fileRef = 28D7ACF70DDB3853001CB0EB /* DudelViewController.m */; };
		EA4E583913BD4FA800BC0665 /* PencilTool.m in Sources */ = {isa = PBXBuildFile; fileRef = EA4E583813BD4FA800BC0665 /* PencilTool.m */; };
		EA4E583E13BD545000BC0665 /* PathDrawingInfo.m in Sources */ = {isa = PBXBuildFile; fileRef = EA4E583D13BD545000BC0665 /* PathDrawingInfo.m */; };
		EA84771913BC4D0200FCAE71 /* DudelView.m in Sources */ = {isa = PBXBuildFile; fileRef = EA84771813BC4D0200FCAE71 /* DudelView.m */; };
		EA8D1E9413BD959C005A12B2 /* TextTool.m in Sources */ = {isa = PBXBuildFile; fileRef = EA8D1E9313BD959C005A12B2 /* TextTool.m */; };
		EA8D1E9713BDAFDE005A12B2 /* TextDrawingInfo.m in Sources */ = {isa = PBXBuildFile; fileRef = EA8D1E9613BDAFDE005A12B2 /* TextDrawingInfo.m */; };
		EA8D1E9F13BDC481005A12B2 /* CoreText.framework in Frameworks */ = {isa = PBXBuildFile; fileRef = EA8D1E9E13BDC481005A12B2 /* CoreText.framework */; };
		EA99E87413C29BAB002E775F /* FontListController.m in Sources */ = {isa = PBXBuildFile; fileRef = EA99E87313C29BAB002E775F /* FontListController.m */; };
		EA99E89413C2B657002E775F /* FontSizeController.m in Sources */ = {isa = PBXBuildFile; fileRef = EA99E89213C2B657002E775F /* FontSizeController.m */; };
		EA99E89513C2B657002E775F /* FontSizeController.xib in Resources */ = {isa = PBXBuildFile; fileRef = EA99E89313C2B657002E775F /* FontSizeController.xib */; };
		EA99E91413C2E2B2002E775F /* FileList.m in Sources */ = {isa = PBXBuildFile; fileRef = EA99E91313C2E2B2002E775F /* FileList.m */; };
		EAB057DB13C3050100C87E4C /* FileListViewController.m in Sources */ = {isa = PBXBuildFile; fileRef = EAB057DA13C3050100C87E4C /* FileListViewController.m */; };
/* End PBXBuildFile section */

/* Begin PBXFileReference section */
		1D30AB110D05D00D00671497 /* Foundation.framework */ = {isa = PBXFileReference; lastKnownFileType = wrapper.framework; name = Foundation.framework; path = System/Library/Frameworks/Foundation.framework; sourceTree = SDKROOT; };
		1D3623240D0F684500981E51 /* DudelAppDelegate.h */ = {isa = PBXFileReference; fileEncoding = 4; lastKnownFileType = sourcecode.c.h; path = DudelAppDelegate.h; sourceTree = "<group>"; };
		1D3623250D0F684500981E51 /* DudelAppDelegate.m */ = {isa = PBXFileReference; fileEncoding = 4; lastKnownFileType = sourcecode.c.objc; path = DudelAppDelegate.m; sourceTree = "<group>"; };
		1D6058910D05DD3D006BFB54 /* Dudel.app */ = {isa = PBXFileReference; explicitFileType = wrapper.application; includeInIndex = 0; path = Dudel.app; sourceTree = BUILT_PRODUCTS_DIR; };
		1DF5F4DF0D08C38300B7A737 /* UIKit.framework */ = {isa = PBXFileReference; lastKnownFileType = wrapper.framework; name = UIKit.framework; path = System/Library/Frameworks/UIKit.framework; sourceTree = SDKROOT; };
		288765A40DF7441C002DB57D /* CoreGraphics.framework */ = {isa = PBXFileReference; lastKnownFileType = wrapper.framework; name = CoreGraphics.framework; path = System/Library/Frameworks/CoreGraphics.framework; sourceTree = SDKROOT; };
		2899E5210DE3E06400AC0155 /* DudelViewController.xib */ = {isa = PBXFileReference; lastKnownFileType = file.xib; path = DudelViewController.xib; sourceTree = "<group>"; };
		28AD733E0D9D9553002E5188 /* MainWindow.xib */ = {isa = PBXFileReference; lastKnownFileType = file.xib; path = MainWindow.xib; sourceTree = "<group>"; };
		28D7ACF60DDB3853001CB0EB /* DudelViewController.h */ = {isa = PBXFileReference; fileEncoding = 4; lastKnownFileType = sourcecode.c.h; path = DudelViewController.h; sourceTree = "<group>"; };
		28D7ACF70DDB3853001CB0EB /* DudelViewController.m */ = {isa = PBXFileReference; fileEncoding = 4; lastKnownFileType = sourcecode.c.objc; path = DudelViewController.m; sourceTree = "<group>"; };
		29B97316FDCFA39411CA2CEA /* main.m */ = {isa = PBXFileReference; fileEncoding = 4; lastKnownFileType = sourcecode.c.objc; path = main.m; sourceTree = "<group>"; };
		32CA4F630368D1EE00C91783 /* Dudel_Prefix.pch */ = {isa = PBXFileReference; fileEncoding = 4; lastKnownFileType = sourcecode.c.h; path = Dudel_Prefix.pch; sourceTree = "<group>"; };
		8D1107310486CEB800E47090 /* Dudel-Info.plist */ = {isa = PBXFileReference; fileEncoding = 4; lastKnownFileType = text.plist.xml; path = "Dudel-Info.plist"; plistStructureDefinitionIdentifier = "com.apple.xcode.plist.structure-definition.iphone.info-plist"; sourceTree = "<group>"; };
		EA4E583713BD4FA800BC0665 /* PencilTool.h */ = {isa = PBXFileReference; fileEncoding = 4; lastKnownFileType = sourcecode.c.h; path = PencilTool.h; sourceTree = "<group>"; };
		EA4E583813BD4FA800BC0665 /* PencilTool.m */ = {isa = PBXFileReference; fileEncoding = 4; lastKnownFileType = sourcecode.c.objc; path = PencilTool.m; sourceTree = "<group>"; };
		EA4E583B13BD52A100BC0665 /* SynthesizeSingleton.h */ = {isa = PBXFileReference; fileEncoding = 4; lastKnownFileType = sourcecode.c.h; path = SynthesizeSingleton.h; sourceTree = "<group>"; };
		EA4E583C13BD545000BC0665 /* PathDrawingInfo.h */ = {isa = PBXFileReference; fileEncoding = 4; lastKnownFileType = sourcecode.c.h; path = PathDrawingInfo.h; sourceTree = "<group>"; };
		EA4E583D13BD545000BC0665 /* PathDrawingInfo.m */ = {isa = PBXFileReference; fileEncoding = 4; lastKnownFileType = sourcecode.c.objc; path = PathDrawingInfo.m; sourceTree = "<group>"; };
		EA84771713BC4D0200FCAE71 /* DudelView.h */ = {isa = PBXFileReference; fileEncoding = 4; lastKnownFileType = sourcecode.c.h; path = DudelView.h; sourceTree = "<group>"; };
		EA84771813BC4D0200FCAE71 /* DudelView.m */ = {isa = PBXFileReference; fileEncoding = 4; lastKnownFileType = sourcecode.c.objc; path = DudelView.m; sourceTree = "<group>"; };
		EA84771B13BC584B00FCAE71 /* Drawable.h */ = {isa = PBXFileReference; fileEncoding = 4; lastKnownFileType = sourcecode.c.h; path = Drawable.h; sourceTree = "<group>"; };
		EA84771C13BC5F8F00FCAE71 /* Tool.h */ = {isa = PBXFileReference; fileEncoding = 4; lastKnownFileType = sourcecode.c.h; path = Tool.h; sourceTree = "<group>"; };
		EA8D1E9213BD959C005A12B2 /* TextTool.h */ = {isa = PBXFileReference; fileEncoding = 4; lastKnownFileType = sourcecode.c.h; path = TextTool.h; sourceTree = "<group>"; };
		EA8D1E9313BD959C005A12B2 /* TextTool.m */ = {isa = PBXFileReference; fileEncoding = 4; lastKnownFileType = sourcecode.c.objc; path = TextTool.m; sourceTree = "<group>"; };
		EA8D1E9513BDAFDE005A12B2 /* TextDrawingInfo.h */ = {isa = PBXFileReference; fileEncoding = 4; lastKnownFileType = sourcecode.c.h; path = TextDrawingInfo.h; sourceTree = "<group>"; };
		EA8D1E9613BDAFDE005A12B2 /* TextDrawingInfo.m */ = {isa = PBXFileReference; fileEncoding = 4; lastKnownFileType = sourcecode.c.objc; path = TextDrawingInfo.m; sourceTree = "<group>"; };
		EA8D1E9E13BDC481005A12B2 /* CoreText.framework */ = {isa = PBXFileReference; lastKnownFileType = wrapper.framework; name = CoreText.framework; path = System/Library/Frameworks/CoreText.framework; sourceTree = SDKROOT; };
		EA99E87213C29BAB002E775F /* FontListController.h */ = {isa = PBXFileReference; fileEncoding = 4; lastKnownFileType = sourcecode.c.h; path = FontListController.h; sourceTree = "<group>"; };
		EA99E87313C29BAB002E775F /* FontListController.m */ = {isa = PBXFileReference; fileEncoding = 4; lastKnownFileType = sourcecode.c.objc; path = FontListController.m; sourceTree = "<group>"; };
		EA99E89113C2B657002E775F /* FontSizeController.h */ = {isa = PBXFileReference; fileEncoding = 4; lastKnownFileType = sourcecode.c.h; path = FontSizeController.h; sourceTree = "<group>"; };
		EA99E89213C2B657002E775F /* FontSizeController.m */ = {isa = PBXFileReference; fileEncoding = 4; lastKnownFileType = sourcecode.c.objc; path = FontSizeController.m; sourceTree = "<group>"; };
		EA99E89313C2B657002E775F /* FontSizeController.xib */ = {isa = PBXFileReference; lastKnownFileType = file.xib; name = FontSizeController.xib; path = Classes/FontSizeController.xib; sourceTree = "<group>"; };
		EA99E91213C2E2B2002E775F /* FileList.h */ = {isa = PBXFileReference; fileEncoding = 4; lastKnownFileType = sourcecode.c.h; path = FileList.h; sourceTree = "<group>"; };
		EA99E91313C2E2B2002E775F /* FileList.m */ = {isa = PBXFileReference; fileEncoding = 4; lastKnownFileType = sourcecode.c.objc; path = FileList.m; sourceTree = "<group>"; };
		EAB057D913C3050100C87E4C /* FileListViewController.h */ = {isa = PBXFileReference; fileEncoding = 4; lastKnownFileType = sourcecode.c.h; path = FileListViewController.h; sourceTree = "<group>"; };
		EAB057DA13C3050100C87E4C /* FileListViewController.m */ = {isa = PBXFileReference; fileEncoding = 4; lastKnownFileType = sourcecode.c.objc; path = FileListViewController.m; sourceTree = "<group>"; };
/* End PBXFileReference section */

/* Begin PBXFrameworksBuildPhase section */
		1D60588F0D05DD3D006BFB54 /* Frameworks */ = {
			isa = PBXFrameworksBuildPhase;
			buildActionMask = 2147483647;
			files = (
				1D60589F0D05DD5A006BFB54 /* Foundation.framework in Frameworks */,
				1DF5F4E00D08C38300B7A737 /* UIKit.framework in Frameworks */,
				288765A50DF7441C002DB57D /* CoreGraphics.framework in Frameworks */,
				EA8D1E9F13BDC481005A12B2 /* CoreText.framework in Frameworks */,
			);
			runOnlyForDeploymentPostprocessing = 0;
		};
/* End PBXFrameworksBuildPhase section */

/* Begin PBXGroup section */
		080E96DDFE201D6D7F000001 /* Classes */ = {
			isa = PBXGroup;
			children = (
				1D3623240D0F684500981E51 /* DudelAppDelegate.h */,
				1D3623250D0F684500981E51 /* DudelAppDelegate.m */,
				28D7ACF60DDB3853001CB0EB /* DudelViewController.h */,
				28D7ACF70DDB3853001CB0EB /* DudelViewController.m */,
				EA84771713BC4D0200FCAE71 /* DudelView.h */,
				EA84771813BC4D0200FCAE71 /* DudelView.m */,
				EA84771B13BC584B00FCAE71 /* Drawable.h */,
				EA84771C13BC5F8F00FCAE71 /* Tool.h */,
				EA4E583713BD4FA800BC0665 /* PencilTool.h */,
				EA4E583813BD4FA800BC0665 /* PencilTool.m */,
				EA4E583B13BD52A100BC0665 /* SynthesizeSingleton.h */,
				EA4E583C13BD545000BC0665 /* PathDrawingInfo.h */,
				EA4E583D13BD545000BC0665 /* PathDrawingInfo.m */,
				EA8D1E9213BD959C005A12B2 /* TextTool.h */,
				EA8D1E9313BD959C005A12B2 /* TextTool.m */,
				EA8D1E9513BDAFDE005A12B2 /* TextDrawingInfo.h */,
				EA8D1E9613BDAFDE005A12B2 /* TextDrawingInfo.m */,
				EA99E87213C29BAB002E775F /* FontListController.h */,
				EA99E87313C29BAB002E775F /* FontListController.m */,
				EA99E89113C2B657002E775F /* FontSizeController.h */,
				EA99E89213C2B657002E775F /* FontSizeController.m */,
				EA99E91213C2E2B2002E775F /* FileList.h */,
				EA99E91313C2E2B2002E775F /* FileList.m */,
				EAB057D913C3050100C87E4C /* FileListViewController.h */,
				EAB057DA13C3050100C87E4C /* FileListViewController.m */,
			);
			path = Classes;
			sourceTree = "<group>";
		};
		19C28FACFE9D520D11CA2CBB /* Products */ = {
			isa = PBXGroup;
			children = (
				1D6058910D05DD3D006BFB54 /* Dudel.app */,
			);
			name = Products;
			sourceTree = "<group>";
		};
		29B97314FDCFA39411CA2CEA /* CustomTemplate */ = {
			isa = PBXGroup;
			children = (
				080E96DDFE201D6D7F000001 /* Classes */,
				29B97315FDCFA39411CA2CEA /* Other Sources */,
				29B97317FDCFA39411CA2CEA /* Resources */,
				29B97323FDCFA39411CA2CEA /* Frameworks */,
				19C28FACFE9D520D11CA2CBB /* Products */,
			);
			name = CustomTemplate;
			sourceTree = "<group>";
		};
		29B97315FDCFA39411CA2CEA /* Other Sources */ = {
			isa = PBXGroup;
			children = (
				32CA4F630368D1EE00C91783 /* Dudel_Prefix.pch */,
				29B97316FDCFA39411CA2CEA /* main.m */,
			);
			name = "Other Sources";
			sourceTree = "<group>";
		};
		29B97317FDCFA39411CA2CEA /* Resources */ = {
			isa = PBXGroup;
			children = (
				2899E5210DE3E06400AC0155 /* DudelViewController.xib */,
				EA99E89313C2B657002E775F /* FontSizeController.xib */,
				28AD733E0D9D9553002E5188 /* MainWindow.xib */,
				8D1107310486CEB800E47090 /* Dudel-Info.plist */,
			);
			name = Resources;
			sourceTree = "<group>";
		};
		29B97323FDCFA39411CA2CEA /* Frameworks */ = {
			isa = PBXGroup;
			children = (
				EA8D1E9E13BDC481005A12B2 /* CoreText.framework */,
				1DF5F4DF0D08C38300B7A737 /* UIKit.framework */,
				1D30AB110D05D00D00671497 /* Foundation.framework */,
				288765A40DF7441C002DB57D /* CoreGraphics.framework */,
			);
			name = Frameworks;
			sourceTree = "<group>";
		};
/* End PBXGroup section */

/* Begin PBXNativeTarget section */
		1D6058900D05DD3D006BFB54 /* Dudel */ = {
			isa = PBXNativeTarget;
			buildConfigurationList = 1D6058960D05DD3E006BFB54 /* Build configuration list for PBXNativeTarget "Dudel" */;
			buildPhases = (
				1D60588D0D05DD3D006BFB54 /* Resources */,
				1D60588E0D05DD3D006BFB54 /* Sources */,
				1D60588F0D05DD3D006BFB54 /* Frameworks */,
			);
			buildRules = (
			);
			dependencies = (
			);
			name = Dudel;
			productName = Dudel;
			productReference = 1D6058910D05DD3D006BFB54 /* Dudel.app */;
			productType = "com.apple.product-type.application";
		};
/* End PBXNativeTarget section */

/* Begin PBXProject section */
		29B97313FDCFA39411CA2CEA /* Project object */ = {
			isa = PBXProject;
			buildConfigurationList = C01FCF4E08A954540054247B /* Build configuration list for PBXProject "Dudel" */;
			compatibilityVersion = "Xcode 3.1";
			developmentRegion = English;
			hasScannedForEncodings = 1;
			knownRegions = (
				English,
				Japanese,
				French,
				German,
			);
			mainGroup = 29B97314FDCFA39411CA2CEA /* CustomTemplate */;
			projectDirPath = "";
			projectRoot = "";
			targets = (
				1D6058900D05DD3D006BFB54 /* Dudel */,
			);
		};
/* End PBXProject section */

/* Begin PBXResourcesBuildPhase section */
		1D60588D0D05DD3D006BFB54 /* Resources */ = {
			isa = PBXResourcesBuildPhase;
			buildActionMask = 2147483647;
			files = (
				28AD733F0D9D9553002E5188 /* MainWindow.xib in Resources */,
				2899E5220DE3E06400AC0155 /* DudelViewController.xib in Resources */,
				EA99E89513C2B657002E775F /* FontSizeController.xib in Resources */,
			);
			runOnlyForDeploymentPostprocessing = 0;
		};
/* End PBXResourcesBuildPhase section */

/* Begin PBXSourcesBuildPhase section */
		1D60588E0D05DD3D006BFB54 /* Sources */ = {
			isa = PBXSourcesBuildPhase;
			buildActionMask = 2147483647;
			files = (
				1D60589B0D05DD56006BFB54 /* main.m in Sources */,
				1D3623260D0F684500981E51 /* DudelAppDelegate.m in Sources */,
				28D7ACF80DDB3853001CB0EB /* DudelViewController.m in Sources */,
				EA84771913BC4D0200FCAE71 /* DudelView.m in Sources */,
				EA4E583913BD4FA800BC0665 /* PencilTool.m in Sources */,
				EA4E583E13BD545000BC0665 /* PathDrawingInfo.m in Sources */,
				EA8D1E9413BD959C005A12B2 /* TextTool.m in Sources */,
				EA8D1E9713BDAFDE005A12B2 /* TextDrawingInfo.m in Sources */,
				EA99E87413C29BAB002E775F /* FontListController.m in Sources */,
				EA99E89413C2B657002E775F /* FontSizeController.m in Sources */,
				EA99E91413C2E2B2002E775F /* FileList.m in Sources */,
				EAB057DB13C3050100C87E4C /* FileListViewController.m in Sources */,
			);
			runOnlyForDeploymentPostprocessing = 0;
		};
/* End PBXSourcesBuildPhase section */

/* Begin XCBuildConfiguration section */
		1D6058940D05DD3E006BFB54 /* Debug */ = {
			isa = XCBuildConfiguration;
			buildSettings = {
				ALWAYS_SEARCH_USER_PATHS = NO;
				COPY_PHASE_STRIP = NO;
				GCC_DYNAMIC_NO_PIC = NO;
				GCC_OPTIMIZATION_LEVEL = 0;
				GCC_PRECOMPILE_PREFIX_HEADER = YES;
				GCC_PREFIX_HEADER = Dudel_Prefix.pch;
				INFOPLIST_FILE = "Dudel-Info.plist";
				PRODUCT_NAME = Dudel;
			};
			name = Debug;
		};
		1D6058950D05DD3E006BFB54 /* Release */ = {
			isa = XCBuildConfiguration;
			buildSettings = {
				ALWAYS_SEARCH_USER_PATHS = NO;
				COPY_PHASE_STRIP = YES;
				GCC_PRECOMPILE_PREFIX_HEADER = YES;
				GCC_PREFIX_HEADER = Dudel_Prefix.pch;
				INFOPLIST_FILE = "Dudel-Info.plist";
				PRODUCT_NAME = Dudel;
				VALIDATE_PRODUCT = YES;
			};
			name = Release;
		};
		C01FCF4F08A954540054247B /* Debug */ = {
			isa = XCBuildConfiguration;
			buildSettings = {
				ARCHS = "$(ARCHS_UNIVERSAL_IPHONE_OS)";
				"CODE_SIGN_IDENTITY[sdk=iphoneos*]" = "iPhone Developer";
				GCC_C_LANGUAGE_STANDARD = c99;
				GCC_WARN_ABOUT_RETURN_TYPE = YES;
				GCC_WARN_UNUSED_VARIABLE = YES;
				PREBINDING = NO;
				SDKROOT = iphoneos;
				TARGETED_DEVICE_FAMILY = 2;
			};
			name = Debug;
		};
		C01FCF5008A954540054247B /* Release */ = {
			isa = XCBuildConfiguration;
			buildSettings = {
				ARCHS = "$(ARCHS_UNIVERSAL_IPHONE_OS)";
				"CODE_SIGN_IDENTITY[sdk=iphoneos*]" = "iPhone Developer";
				GCC_C_LANGUAGE_STANDARD = c99;
				GCC_WARN_ABOUT_RETURN_TYPE = YES;
				GCC_WARN_UNUSED_VARIABLE = YES;
				OTHER_CFLAGS = "-DNS_BLOCK_ASSERTIONS=1";
				PREBINDING = NO;
				SDKROOT = iphoneos;
				TARGETED_DEVICE_FAMILY = 2;
			};
			name = Release;
		};
/* End XCBuildConfiguration section */

/* Begin XCConfigurationList section */
		1D6058960D05DD3E006BFB54 /* Build configuration list for PBXNativeTarget "Dudel" */ = {
			isa = XCConfigurationList;
			buildConfigurations = (
				1D6058940D05DD3E006BFB54 /* Debug */,
				1D6058950D05DD3E006BFB54 /* Release */,
			);
			defaultConfigurationIsVisible = 0;
			defaultConfigurationName = Release;
		};
		C01FCF4E08A954540054247B /* Build configuration list for PBXProject "Dudel" */ = {
			isa = XCConfigurationList;
			buildConfigurations = (
				C01FCF4F08A954540054247B /* Debug */,
				C01FCF5008A954540054247B /* Release */,
			);
			defaultConfigurationIsVisible = 0;
			defaultConfigurationName = Release;
		};
/* End XCConfigurationList section */
	};
	rootObject = 29B97313FDCFA39411CA2CEA /* Project object */;
}
